
Microsoft Visual Studio Solution File, Format Version 11.00
# Visual Studio 2010
Project("{FAE04EC0-301F-11D3-BF4B-00C04F79EFBC}") = "Assembly-CSharp", "Assembly-CSharp.csproj", "{B8959868-0EAA-77AE-500B-279CE4CF9133}"
EndProject
Project("{FAE04EC0-301F-11D3-BF4B-00C04F79EFBC}") = "Assembly-CSharp-firstpass", "Assembly-CSharp-firstpass.csproj", "{F1FD57F4-571E-8912-DADE-2892EF6ED648}"
EndProject
Project("{FAE04EC0-301F-11D3-BF4B-00C04F79EFBC}") = "Assembly-CSharp-Editor-firstpass", "Assembly-CSharp-Editor-firstpass.csproj", "{CAD151D3-96E8-B0F5-72A3-A11579FF74F7}"
EndProject
Global
	GlobalSection(SolutionConfigurationPlatforms) = preSolution
		Debug|Any CPU = Debug|Any CPU
		Release|Any CPU = Release|Any CPU
	EndGlobalSection
	GlobalSection(ProjectConfigurationPlatforms) = postSolution
		{B8959868-0EAA-77AE-500B-279CE4CF9133}.Debug|Any CPU.ActiveCfg = Debug|Any CPU
		{B8959868-0EAA-77AE-500B-279CE4CF9133}.Debug|Any CPU.Build.0 = Debug|Any CPU
		{B8959868-0EAA-77AE-500B-279CE4CF9133}.Release|Any CPU.ActiveCfg = Release|Any CPU
		{B8959868-0EAA-77AE-500B-279CE4CF9133}.Release|Any CPU.Build.0 = Release|Any CPU
		{F1FD57F4-571E-8912-DADE-2892EF6ED648}.Debug|Any CPU.ActiveCfg = Debug|Any CPU
		{F1FD57F4-571E-8912-DADE-2892EF6ED648}.Debug|Any CPU.Build.0 = Debug|Any CPU
		{F1FD57F4-571E-8912-DADE-2892EF6ED648}.Release|Any CPU.ActiveCfg = Release|Any CPU
		{F1FD57F4-571E-8912-DADE-2892EF6ED648}.Release|Any CPU.Build.0 = Release|Any CPU
		{CAD151D3-96E8-B0F5-72A3-A11579FF74F7}.Debug|Any CPU.ActiveCfg = Debug|Any CPU
		{CAD151D3-96E8-B0F5-72A3-A11579FF74F7}.Debug|Any CPU.Build.0 = Debug|Any CPU
		{CAD151D3-96E8-B0F5-72A3-A11579FF74F7}.Release|Any CPU.ActiveCfg = Release|Any CPU
		{CAD151D3-96E8-B0F5-72A3-A11579FF74F7}.Release|Any CPU.Build.0 = Release|Any CPU
	EndGlobalSection
	GlobalSection(SolutionProperties) = preSolution
		HideSolutionNode = FALSE
	EndGlobalSection
	GlobalSection(MonoDevelopProperties) = preSolution
		StartupItem = Assembly-CSharp.csproj
	EndGlobalSection
EndGlobal
